# This file was autogenerated by Stack.
# You should not edit this file by hand.
# For more information, please see the documentation at:
#   https://docs.haskellstack.org/en/stable/lock_files

packages:
- completed:
    cabal-file:
      size: 5286
      sha256: 78bed635c7c3ad302f8d4afef72e9a860030260cb0e2d720b02d7d9af53239d5
    name: slack-api
    version: '0.12'
    git: https://github.com/mpickering/slack-api.git
    pantry-tree:
      size: 2885
      sha256: 890508d729553955253f3244bce4e5b12a76ae5f39264886eba7ebfbd43c360e
    commit: d084fdbf1ab1a9e705dbd1f43645175fab0d5940
  original:
    git: https://github.com/mpickering/slack-api.git
    commit: d084fdbf1ab1a9e705dbd1f43645175fab0d5940
snapshots:
- completed:
    size: 523884
    url: https://raw.githubusercontent.com/commercialhaskell/stackage-snapshots/master/lts/14/4.yaml
    sha256: 16f24be248b42c9e16d59db84378836b1e7c239448a041cae46d32daffa45a8b
  original: lts-14.4
